Microsoft Visual Studio Solution File, Format Version 12.00
# Visual Studio Version 17
VisualStudioVersion = 17.0.31903.59
MinimumVisualStudioVersion = 10.0.40219.1
Project("{FAE04EC0-301F-11D3-BF4B-00C04F79EFBC}") = "SpaceSim.Godot", "SpaceSim.Godot.csproj", "{024FD109-CC16-4F7D-9ED2-2C6AD72EA715}"
EndProject
Project("{FAE04EC0-301F-11D3-BF4B-00C04F79EFBC}") = "SpaceSim.Core", "..\SpaceSim.Core\SpaceSim.Core.csproj", "{B4832E06-678C-4474-BF28-ADC525290258}"
EndProject
Global
	GlobalSection(SolutionConfigurationPlatforms) = preSolution
		Debug|Any CPU = Debug|Any CPU
		ExportDebug|Any CPU = ExportDebug|Any CPU
		ExportRelease|Any CPU = ExportRelease|Any CPU
	EndGlobalSection
	GlobalSection(ProjectConfigurationPlatforms) = postSolution
		{024FD109-CC16-4F7D-9ED2-2C6AD72EA715}.Debug|Any CPU.ActiveCfg = Debug|Any CPU
		{024FD109-CC16-4F7D-9ED2-2C6AD72EA715}.Debug|Any CPU.Build.0 = Debug|Any CPU
		{024FD109-CC16-4F7D-9ED2-2C6AD72EA715}.ExportDebug|Any CPU.ActiveCfg = ExportDebug|Any CPU
		{024FD109-CC16-4F7D-9ED2-2C6AD72EA715}.ExportDebug|Any CPU.Build.0 = ExportDebug|Any CPU
		{024FD109-CC16-4F7D-9ED2-2C6AD72EA715}.ExportRelease|Any CPU.ActiveCfg = ExportRelease|Any CPU
		{024FD109-CC16-4F7D-9ED2-2C6AD72EA715}.ExportRelease|Any CPU.Build.0 = ExportRelease|Any CPU
		{B4832E06-678C-4474-BF28-ADC525290258}.Debug|Any CPU.ActiveCfg = Debug|Any CPU
		{B4832E06-678C-4474-BF28-ADC525290258}.Debug|Any CPU.Build.0 = Debug|Any CPU
		{B4832E06-678C-4474-BF28-ADC525290258}.ExportDebug|Any CPU.ActiveCfg = Debug|Any CPU
		{B4832E06-678C-4474-BF28-ADC525290258}.ExportDebug|Any CPU.Build.0 = Debug|Any CPU
		{B4832E06-678C-4474-BF28-ADC525290258}.ExportRelease|Any CPU.ActiveCfg = Release|Any CPU
		{B4832E06-678C-4474-BF28-ADC525290258}.ExportRelease|Any CPU.Build.0 = Release|Any CPU
	EndGlobalSection
EndGlobal
